// !$*UTF8*$!
{
	archiveVersion = 1;
	classes = {
	};
	objectVersion = 48;
	objects = {

/* Begin PBXBuildFile section */
		A1803726204C45CC00A36712 /* AppDelegate.swift in Sources */ = {isa = PBXBuildFile; fileRef = A1803725204C45CC00A36712 /* AppDelegate.swift */; };
		A1803728204C45CC00A36712 /* ViewController.swift in Sources */ = {isa = PBXBuildFile; fileRef = A1803727204C45CC00A36712 /* ViewController.swift */; };
		A180372B204C45CC00A36712 /* Main.storyboard in Resources */ = {isa = PBXBuildFile; fileRef = A1803729204C45CC00A36712 /* Main.storyboard */; };
		A180372D204C45CC00A36712 /* Assets.xcassets in Resources */ = {isa = PBXBuildFile; fileRef = A180372C204C45CC00A36712 /* Assets.xcassets */; };
		A1803730204C45CC00A36712 /* LaunchScreen.storyboard in Resources */ = {isa = PBXBuildFile; fileRef = A180372E204C45CC00A36712 /* LaunchScreen.storyboard */; };
		A180373B204C45CD00A36712 /* Dark_MagicTests.swift in Sources */ = {isa = PBXBuildFile; fileRef = A180373A204C45CD00A36712 /* Dark_MagicTests.swift */; };
		A1803746204C45CD00A36712 /* Dark_MagicUITests.swift in Sources */ = {isa = PBXBuildFile; fileRef = A1803745204C45CD00A36712 /* Dark_MagicUITests.swift */; };
		A3A9D215BE78E30692E3D9B3 /* Pods_Dark_MagicTests.framework in Frameworks */ = {isa = PBXBuildFile; fileRef = 0236D528134B5D86361E2453 /* Pods_Dark_MagicTests.framework */; };
		A789DCDF1FB9B6347654B611 /* Pods_Dark_MagicUITests.framework in Frameworks */ = {isa = PBXBuildFile; fileRef = 9AC4E0F18949042E5C783460 /* Pods_Dark_MagicUITests.framework */; };
		C8D5F9385DB35AC168CA9B5F /* Pods_Dark_Magic.framework in Frameworks */ = {isa = PBXBuildFile; fileRef = B86DCD25001F262754485C0C /* Pods_Dark_Magic.framework */; };
/* End PBXBuildFile section */

/* Begin PBXContainerItemProxy section */
		A1803737204C45CD00A36712 /* PBXContainerItemProxy */ = {
			isa = PBXContainerItemProxy;
			containerPortal = A180371A204C45CC00A36712 /* Project object */;
			proxyType = 1;
			remoteGlobalIDString = A1803721204C45CC00A36712;
			remoteInfo = "Dark Magic";
		};
		A1803742204C45CD00A36712 /* PBXContainerItemProxy */ = {
			isa = PBXContainerItemProxy;
			containerPortal = A180371A204C45CC00A36712 /* Project object */;
			proxyType = 1;
			remoteGlobalIDString = A1803721204C45CC00A36712;
			remoteInfo = "Dark Magic";
		};
/* End PBXContainerItemProxy section */

/* Begin PBXFileReference section */
		0236D528134B5D86361E2453 /* Pods_Dark_MagicTests.framework */ = {isa = PBXFileReference; explicitFileType = wrapper.framework; includeInIndex = 0; path = Pods_Dark_MagicTests.framework; sourceTree = BUILT_PRODUCTS_DIR; };
		04B2E2B4574998ECA8F49898 /* Pods-Dark MagicUITests.debug.xcconfig */ = {isa = PBXFileReference; includeInIndex = 1; lastKnownFileType = text.xcconfig; name = "Pods-Dark MagicUITests.debug.xcconfig"; path = "Pods/Target Support Files/Pods-Dark MagicUITests/Pods-Dark MagicUITests.debug.xcconfig"; sourceTree = "<group>"; };
		08B0ECEF236C7AF5D1C3AFC7 /* Pods-Dark MagicTests.release.xcconfig */ = {isa = PBXFileReference; includeInIndex = 1; lastKnownFileType = text.xcconfig; name = "Pods-Dark MagicTests.release.xcconfig"; path = "Pods/Target Support Files/Pods-Dark MagicTests/Pods-Dark MagicTests.release.xcconfig"; sourceTree = "<group>"; };
		26287EF968E0EDC40E986C56 /* Pods-Dark MagicUITests.release.xcconfig */ = {isa = PBXFileReference; includeInIndex = 1; lastKnownFileType = text.xcconfig; name = "Pods-Dark MagicUITests.release.xcconfig"; path = "Pods/Target Support Files/Pods-Dark MagicUITests/Pods-Dark MagicUITests.release.xcconfig"; sourceTree = "<group>"; };
		4FC74ED9051C6F0BFBDA44EC /* Pods-Dark Magic.debug.xcconfig */ = {isa = PBXFileReference; includeInIndex = 1; lastKnownFileType = text.xcconfig; name = "Pods-Dark Magic.debug.xcconfig"; path = "Pods/Target Support Files/Pods-Dark Magic/Pods-Dark Magic.debug.xcconfig"; sourceTree = "<group>"; };
		9AC4E0F18949042E5C783460 /* Pods_Dark_MagicUITests.framework */ = {isa = PBXFileReference; explicitFileType = wrapper.framework; includeInIndex = 0; path = Pods_Dark_MagicUITests.framework; sourceTree = BUILT_PRODUCTS_DIR; };
		A1803722204C45CC00A36712 /* Dark Magic.app */ = {isa = PBXFileReference; explicitFileType = wrapper.application; includeInIndex = 0; path = "Dark Magic.app"; sourceTree = BUILT_PRODUCTS_DIR; };
		A1803725204C45CC00A36712 /* AppDelegate.swift */ = {isa = PBXFileReference; lastKnownFileType = sourcecode.swift; path = AppDelegate.swift; sourceTree = "<group>"; };
		A1803727204C45CC00A36712 /* ViewController.swift */ = {isa = PBXFileReference; lastKnownFileType = sourcecode.swift; path = ViewController.swift; sourceTree = "<group>"; };
		A180372A204C45CC00A36712 /* Base */ = {isa = PBXFileReference; lastKnownFileType = file.storyboard; name = Base; path = Base.lproj/Main.storyboard; sourceTree = "<group>"; };
		A180372C204C45CC00A36712 /* Assets.xcassets */ = {isa = PBXFileReference; lastKnownFileType = folder.assetcatalog; path = Assets.xcassets; sourceTree = "<group>"; };
		A180372F204C45CC00A36712 /* Base */ = {isa = PBXFileReference; lastKnownFileType = file.storyboard; name = Base; path = Base.lproj/LaunchScreen.storyboard; sourceTree = "<group>"; };
		A1803731204C45CC00A36712 /* Info.plist */ = {isa = PBXFileReference; lastKnownFileType = text.plist.xml; path = Info.plist; sourceTree = "<group>"; };
		A1803736204C45CD00A36712 /* Dark MagicTests.xctest */ = {isa = PBXFileReference; explicitFileType = wrapper.cfbundle; includeInIndex = 0; path = "Dark MagicTests.xctest"; sourceTree = BUILT_PRODUCTS_DIR; };
		A180373A204C45CD00A36712 /* Dark_MagicTests.swift */ = {isa = PBXFileReference; lastKnownFileType = sourcecode.swift; path = Dark_MagicTests.swift; sourceTree = "<group>"; };
		A180373C204C45CD00A36712 /* Info.plist */ = {isa = PBXFileReference; lastKnownFileType = text.plist.xml; path = Info.plist; sourceTree = "<group>"; };
		A1803741204C45CD00A36712 /* Dark MagicUITests.xctest */ = {isa = PBXFileReference; explicitFileType = wrapper.cfbundle; includeInIndex = 0; path = "Dark MagicUITests.xctest"; sourceTree = BUILT_PRODUCTS_DIR; };
		A1803745204C45CD00A36712 /* Dark_MagicUITests.swift */ = {isa = PBXFileReference; lastKnownFileType = sourcecode.swift; path = Dark_MagicUITests.swift; sourceTree = "<group>"; };
		A1803747204C45CD00A36712 /* Info.plist */ = {isa = PBXFileReference; lastKnownFileType = text.plist.xml; path = Info.plist; sourceTree = "<group>"; };
		B86DCD25001F262754485C0C /* Pods_Dark_Magic.framework */ = {isa = PBXFileReference; explicitFileType = wrapper.framework; includeInIndex = 0; path = Pods_Dark_Magic.framework; sourceTree = BUILT_PRODUCTS_DIR; };
		DBCC8F7A60ACCF59BAEA1945 /* Pods-Dark Magic.release.xcconfig */ = {isa = PBXFileReference; includeInIndex = 1; lastKnownFileType = text.xcconfig; name = "Pods-Dark Magic.release.xcconfig"; path = "Pods/Target Support Files/Pods-Dark Magic/Pods-Dark Magic.release.xcconfig"; sourceTree = "<group>"; };
		EE32306B21B3B1FBDC0D3E43 /* Pods-Dark MagicTests.debug.xcconfig */ = {isa = PBXFileReference; includeInIndex = 1; lastKnownFileType = text.xcconfig; name = "Pods-Dark MagicTests.debug.xcconfig"; path = "Pods/Target Support Files/Pods-Dark MagicTests/Pods-Dark MagicTests.debug.xcconfig"; sourceTree = "<group>"; };
/* End PBXFileReference section */

/* Begin PBXFrameworksBuildPhase section */
		A180371F204C45CC00A36712 /* Frameworks */ = {
			isa = PBXFrameworksBuildPhase;
			buildActionMask = 2147483647;
			files = (
				C8D5F9385DB35AC168CA9B5F /* Pods_Dark_Magic.framework in Frameworks */,
			);
			runOnlyForDeploymentPostprocessing = 0;
		};
		A1803733204C45CD00A36712 /* Frameworks */ = {
			isa = PBXFrameworksBuildPhase;
			buildActionMask = 2147483647;
			files = (
				A3A9D215BE78E30692E3D9B3 /* Pods_Dark_MagicTests.framework in Frameworks */,
			);
			runOnlyForDeploymentPostprocessing = 0;
		};
		A180373E204C45CD00A36712 /* Frameworks */ = {
			isa = PBXFrameworksBuildPhase;
			buildActionMask = 2147483647;
			files = (
				A789DCDF1FB9B6347654B611 /* Pods_Dark_MagicUITests.framework in Frameworks */,
			);
			runOnlyForDeploymentPostprocessing = 0;
		};
/* End PBXFrameworksBuildPhase section */

/* Begin PBXGroup section */
		1BED6769A918F545D576A1F8 /* Frameworks */ = {
			isa = PBXGroup;
			children = (
				B86DCD25001F262754485C0C /* Pods_Dark_Magic.framework */,
				0236D528134B5D86361E2453 /* Pods_Dark_MagicTests.framework */,
				9AC4E0F18949042E5C783460 /* Pods_Dark_MagicUITests.framework */,
			);
			name = Frameworks;
			sourceTree = "<group>";
		};
		63D9BEFB0E512FB23A5A966E /* Pods */ = {
			isa = PBXGroup;
			children = (
				4FC74ED9051C6F0BFBDA44EC /* Pods-Dark Magic.debug.xcconfig */,
				DBCC8F7A60ACCF59BAEA1945 /* Pods-Dark Magic.release.xcconfig */,
				EE32306B21B3B1FBDC0D3E43 /* Pods-Dark MagicTests.debug.xcconfig */,
				08B0ECEF236C7AF5D1C3AFC7 /* Pods-Dark MagicTests.release.xcconfig */,
				04B2E2B4574998ECA8F49898 /* Pods-Dark MagicUITests.debug.xcconfig */,
				26287EF968E0EDC40E986C56 /* Pods-Dark MagicUITests.release.xcconfig */,
			);
			name = Pods;
			sourceTree = "<group>";
		};
		A1803719204C45CC00A36712 = {
			isa = PBXGroup;
			children = (
				A1803724204C45CC00A36712 /* Dark Magic */,
				A1803739204C45CD00A36712 /* Dark MagicTests */,
				A1803744204C45CD00A36712 /* Dark MagicUITests */,
				A1803723204C45CC00A36712 /* Products */,
				63D9BEFB0E512FB23A5A966E /* Pods */,
				1BED6769A918F545D576A1F8 /* Frameworks */,
			);
			sourceTree = "<group>";
		};
		A1803723204C45CC00A36712 /* Products */ = {
			isa = PBXGroup;
			children = (
				A1803722204C45CC00A36712 /* Dark Magic.app */,
				A1803736204C45CD00A36712 /* Dark MagicTests.xctest */,
				A1803741204C45CD00A36712 /* Dark MagicUITests.xctest */,
			);
			name = Products;
			sourceTree = "<group>";
		};
		A1803724204C45CC00A36712 /* Dark Magic */ = {
			isa = PBXGroup;
			children = (
				A1803725204C45CC00A36712 /* AppDelegate.swift */,
				A1803727204C45CC00A36712 /* ViewController.swift */,
				A1803729204C45CC00A36712 /* Main.storyboard */,
				A180372C204C45CC00A36712 /* Assets.xcassets */,
				A180372E204C45CC00A36712 /* LaunchScreen.storyboard */,
				A1803731204C45CC00A36712 /* Info.plist */,
			);
			path = "Dark Magic";
			sourceTree = "<group>";
		};
		A1803739204C45CD00A36712 /* Dark MagicTests */ = {
			isa = PBXGroup;
			children = (
				A180373A204C45CD00A36712 /* Dark_MagicTests.swift */,
				A180373C204C45CD00A36712 /* Info.plist */,
			);
			path = "Dark MagicTests";
			sourceTree = "<group>";
		};
		A1803744204C45CD00A36712 /* Dark MagicUITests */ = {
			isa = PBXGroup;
			children = (
				A1803745204C45CD00A36712 /* Dark_MagicUITests.swift */,
				A1803747204C45CD00A36712 /* Info.plist */,
			);
			path = "Dark MagicUITests";
			sourceTree = "<group>";
		};
/* End PBXGroup section */

/* Begin PBXNativeTarget section */
		A1803721204C45CC00A36712 /* Dark Magic */ = {
			isa = PBXNativeTarget;
			buildConfigurationList = A180374A204C45CD00A36712 /* Build configuration list for PBXNativeTarget "Dark Magic" */;
			buildPhases = (
				3B4C15D9515ED939EDAC4A65 /* [CP] Check Pods Manifest.lock */,
				A180371E204C45CC00A36712 /* Sources */,
				A180371F204C45CC00A36712 /* Frameworks */,
				A1803720204C45CC00A36712 /* Resources */,
				2A61F26FC003A5FA89352FCA /* [CP] Embed Pods Frameworks */,
				7CDCDB0BA8372A4B582EFD1D /* [CP] Copy Pods Resources */,
			);
			buildRules = (
			);
			dependencies = (
			);
			name = "Dark Magic";
			productName = "Dark Magic";
			productReference = A1803722204C45CC00A36712 /* Dark Magic.app */;
			productType = "com.apple.product-type.application";
		};
		A1803735204C45CD00A36712 /* Dark MagicTests */ = {
			isa = PBXNativeTarget;
			buildConfigurationList = A180374D204C45CD00A36712 /* Build configuration list for PBXNativeTarget "Dark MagicTests" */;
			buildPhases = (
				48E1F3017C581F96976DBBFA /* [CP] Check Pods Manifest.lock */,
				A1803732204C45CD00A36712 /* Sources */,
				A1803733204C45CD00A36712 /* Frameworks */,
				A1803734204C45CD00A36712 /* Resources */,
				9484D0779042EB63C836752C /* [CP] Embed Pods Frameworks */,
				74A3F7198B0CF481A3869985 /* [CP] Copy Pods Resources */,
			);
			buildRules = (
			);
			dependencies = (
				A1803738204C45CD00A36712 /* PBXTargetDependency */,
			);
			name = "Dark MagicTests";
			productName = "Dark MagicTests";
			productReference = A1803736204C45CD00A36712 /* Dark MagicTests.xctest */;
			productType = "com.apple.product-type.bundle.unit-test";
		};
		A1803740204C45CD00A36712 /* Dark MagicUITests */ = {
			isa = PBXNativeTarget;
			buildConfigurationList = A1803750204C45CD00A36712 /* Build configuration list for PBXNativeTarget "Dark MagicUITests" */;
			buildPhases = (
				B557339AE70D75D46CA9AAFC /* [CP] Check Pods Manifest.lock */,
				A180373D204C45CD00A36712 /* Sources */,
				A180373E204C45CD00A36712 /* Frameworks */,
				A180373F204C45CD00A36712 /* Resources */,
				FACB96602B67AAF4642D88D4 /* [CP] Embed Pods Frameworks */,
				25D9081E8BC0D905DE41F18F /* [CP] Copy Pods Resources */,
			);
			buildRules = (
			);
			dependencies = (
				A1803743204C45CD00A36712 /* PBXTargetDependency */,
			);
			name = "Dark MagicUITests";
			productName = "Dark MagicUITests";
			productReference = A1803741204C45CD00A36712 /* Dark MagicUITests.xctest */;
			productType = "com.apple.product-type.bundle.ui-testing";
		};
/* End PBXNativeTarget section */

/* Begin PBXProject section */
		A180371A204C45CC00A36712 /* Project object */ = {
			isa = PBXProject;
			attributes = {
				LastSwiftUpdateCheck = 0920;
				LastUpgradeCheck = 0920;
				ORGANIZATIONNAME = "Dopeness Academy";
				TargetAttributes = {
					A1803721204C45CC00A36712 = {
						CreatedOnToolsVersion = 9.2;
						ProvisioningStyle = Automatic;
					};
					A1803735204C45CD00A36712 = {
						CreatedOnToolsVersion = 9.2;
						ProvisioningStyle = Automatic;
						TestTargetID = A1803721204C45CC00A36712;
					};
					A1803740204C45CD00A36712 = {
						CreatedOnToolsVersion = 9.2;
						ProvisioningStyle = Automatic;
						TestTargetID = A1803721204C45CC00A36712;
					};
				};
			};
			buildConfigurationList = A180371D204C45CC00A36712 /* Build configuration list for PBXProject "Dark Magic" */;
			compatibilityVersion = "Xcode 8.0";
			developmentRegion = en;
			hasScannedForEncodings = 0;
			knownRegions = (
				en,
				Base,
			);
			mainGroup = A1803719204C45CC00A36712;
			productRefGroup = A1803723204C45CC00A36712 /* Products */;
			projectDirPath = "";
			projectRoot = "";
			targets = (
				A1803721204C45CC00A36712 /* Dark Magic */,
				A1803735204C45CD00A36712 /* Dark MagicTests */,
				A1803740204C45CD00A36712 /* Dark MagicUITests */,
			);
		};
/* End PBXProject section */

/* Begin PBXResourcesBuildPhase section */
		A1803720204C45CC00A36712 /* Resources */ = {
			isa = PBXResourcesBuildPhase;
			buildActionMask = 2147483647;
			files = (
				A1803730204C45CC00A36712 /* LaunchScreen.storyboard in Resources */,
				A180372D204C45CC00A36712 /* Assets.xcassets in Resources */,
				A180372B204C45CC00A36712 /* Main.storyboard in Resources */,
			);
			runOnlyForDeploymentPostprocessing = 0;
		};
		A1803734204C45CD00A36712 /* Resources */ = {
			isa = PBXResourcesBuildPhase;
			buildActionMask = 2147483647;
			files = (
			);
			runOnlyForDeploymentPostprocessing = 0;
		};
		A180373F204C45CD00A36712 /* Resources */ = {
			isa = PBXResourcesBuildPhase;
			buildActionMask = 2147483647;
			files = (
			);
			runOnlyForDeploymentPostprocessing = 0;
		};
/* End PBXResourcesBuildPhase section */

/* Begin PBXShellScriptBuildPhase section */
		25D9081E8BC0D905DE41F18F /* [CP] Copy Pods Resources */ = {
			isa = PBXShellScriptBuildPhase;
			buildActionMask = 2147483647;
			files = (
			);
			inputPaths = (
			);
			name = "[CP] Copy Pods Resources";
			outputPaths = (
			);
			runOnlyForDeploymentPostprocessing = 0;
			shellPath = /bin/sh;
			shellScript = "\"${SRCROOT}/Pods/Target Support Files/Pods-Dark MagicUITests/Pods-Dark MagicUITests-resources.sh\"\n";
			showEnvVarsInLog = 0;
		};
		2A61F26FC003A5FA89352FCA /* [CP] Embed Pods Frameworks */ = {
			isa = PBXShellScriptBuildPhase;
			buildActionMask = 2147483647;
			files = (
			);
			inputPaths = (
				"${SRCROOT}/Pods/Target Support Files/Pods-Dark Magic/Pods-Dark Magic-frameworks.sh",
				"${BUILT_PRODUCTS_DIR}/AutoInsetter/AutoInsetter.framework",
				"${BUILT_PRODUCTS_DIR}/ChameleonFramework/ChameleonFramework.framework",
				"${BUILT_PRODUCTS_DIR}/Pageboy/Pageboy.framework",
				"${BUILT_PRODUCTS_DIR}/SnapKit/SnapKit.framework",
				"${BUILT_PRODUCTS_DIR}/Tabman/Tabman.framework",
			);
			name = "[CP] Embed Pods Frameworks";
			outputPaths = (
				"${TARGET_BUILD_DIR}/${FRAMEWORKS_FOLDER_PATH}/AutoInsetter.framework",
				"${TARGET_BUILD_DIR}/${FRAMEWORKS_FOLDER_PATH}/ChameleonFramework.framework",
				"${TARGET_BUILD_DIR}/${FRAMEWORKS_FOLDER_PATH}/Pageboy.framework",
				"${TARGET_BUILD_DIR}/${FRAMEWORKS_FOLDER_PATH}/SnapKit.framework",
				"${TARGET_BUILD_DIR}/${FRAMEWORKS_FOLDER_PATH}/Tabman.framework",
			);
			runOnlyForDeploymentPostprocessing = 0;
			shellPath = /bin/sh;
			shellScript = "\"${SRCROOT}/Pods/Target Support Files/Pods-Dark Magic/Pods-Dark Magic-frameworks.sh\"\n";
			showEnvVarsInLog = 0;
		};
		3B4C15D9515ED939EDAC4A65 /* [CP] Check Pods Manifest.lock */ = {
			isa = PBXShellScriptBuildPhase;
			buildActionMask = 2147483647;
			files = (
			);
			inputPaths = (
				"${PODS_PODFILE_DIR_PATH}/Podfile.lock",
				"${PODS_ROOT}/Manifest.lock",
			);
			name = "[CP] Check Pods Manifest.lock";
			outputPaths = (
				"$(DERIVED_FILE_DIR)/Pods-Dark Magic-checkManifestLockResult.txt",
			);
			runOnlyForDeploymentPostprocessing = 0;
			shellPath = /bin/sh;
			shellScript = "diff \"${PODS_PODFILE_DIR_PATH}/Podfile.lock\" \"${PODS_ROOT}/Manifest.lock\" > /dev/null\nif [ $? != 0 ] ; then\n    # print error to STDERR\n    echo \"error: The sandbox is not in sync with the Podfile.lock. Run 'pod install' or update your CocoaPods installation.\" >&2\n    exit 1\nfi\n# This output is used by Xcode 'outputs' to avoid re-running this script phase.\necho \"SUCCESS\" > \"${SCRIPT_OUTPUT_FILE_0}\"\n";
			showEnvVarsInLog = 0;
		};
		48E1F3017C581F96976DBBFA /* [CP] Check Pods Manifest.lock */ = {
			isa = PBXShellScriptBuildPhase;
			buildActionMask = 2147483647;
			files = (
			);
			inputPaths = (
				"${PODS_PODFILE_DIR_PATH}/Podfile.lock",
				"${PODS_ROOT}/Manifest.lock",
			);
			name = "[CP] Check Pods Manifest.lock";
			outputPaths = (
				"$(DERIVED_FILE_DIR)/Pods-Dark MagicTests-checkManifestLockResult.txt",
			);
			runOnlyForDeploymentPostprocessing = 0;
			shellPath = /bin/sh;
			shellScript = "diff \"${PODS_PODFILE_DIR_PATH}/Podfile.lock\" \"${PODS_ROOT}/Manifest.lock\" > /dev/null\nif [ $? != 0 ] ; then\n    # print error to STDERR\n    echo \"error: The sandbox is not in sync with the Podfile.lock. Run 'pod install' or update your CocoaPods installation.\" >&2\n    exit 1\nfi\n# This output is used by Xcode 'outputs' to avoid re-running this script phase.\necho \"SUCCESS\" > \"${SCRIPT_OUTPUT_FILE_0}\"\n";
			showEnvVarsInLog = 0;
		};
		74A3F7198B0CF481A3869985 /* [CP] Copy Pods Resources */ = {
			isa = PBXShellScriptBuildPhase;
			buildActionMask = 2147483647;
			files = (
			);
			inputPaths = (
			);
			name = "[CP] Copy Pods Resources";
			outputPaths = (
			);
			runOnlyForDeploymentPostprocessing = 0;
			shellPath = /bin/sh;
			shellScript = "\"${SRCROOT}/Pods/Target Support Files/Pods-Dark MagicTests/Pods-Dark MagicTests-resources.sh\"\n";
			showEnvVarsInLog = 0;
		};
		7CDCDB0BA8372A4B582EFD1D /* [CP] Copy Pods Resources */ = {
			isa = PBXShellScriptBuildPhase;
			buildActionMask = 2147483647;
			files = (
			);
			inputPaths = (
			);
			name = "[CP] Copy Pods Resources";
			outputPaths = (
			);
			runOnlyForDeploymentPostprocessing = 0;
			shellPath = /bin/sh;
			shellScript = "\"${SRCROOT}/Pods/Target Support Files/Pods-Dark Magic/Pods-Dark Magic-resources.sh\"\n";
			showEnvVarsInLog = 0;
		};
		9484D0779042EB63C836752C /* [CP] Embed Pods Frameworks */ = {
			isa = PBXShellScriptBuildPhase;
			buildActionMask = 2147483647;
			files = (
			);
			inputPaths = (
			);
			name = "[CP] Embed Pods Frameworks";
			outputPaths = (
			);
			runOnlyForDeploymentPostprocessing = 0;
			shellPath = /bin/sh;
			shellScript = "\"${SRCROOT}/Pods/Target Support Files/Pods-Dark MagicTests/Pods-Dark MagicTests-frameworks.sh\"\n";
			showEnvVarsInLog = 0;
		};
		B557339AE70D75D46CA9AAFC /* [CP] Check Pods Manifest.lock */ = {
			isa = PBXShellScriptBuildPhase;
			buildActionMask = 2147483647;
			files = (
			);
			inputPaths = (
				"${PODS_PODFILE_DIR_PATH}/Podfile.lock",
				"${PODS_ROOT}/Manifest.lock",
			);
			name = "[CP] Check Pods Manifest.lock";
			outputPaths = (
				"$(DERIVED_FILE_DIR)/Pods-Dark MagicUITests-checkManifestLockResult.txt",
			);
			runOnlyForDeploymentPostprocessing = 0;
			shellPath = /bin/sh;
			shellScript = "diff \"${PODS_PODFILE_DIR_PATH}/Podfile.lock\" \"${PODS_ROOT}/Manifest.lock\" > /dev/null\nif [ $? != 0 ] ; then\n    # print error to STDERR\n    echo \"error: The sandbox is not in sync with the Podfile.lock. Run 'pod install' or update your CocoaPods installation.\" >&2\n    exit 1\nfi\n# This output is used by Xcode 'outputs' to avoid re-running this script phase.\necho \"SUCCESS\" > \"${SCRIPT_OUTPUT_FILE_0}\"\n";
			showEnvVarsInLog = 0;
		};
		FACB96602B67AAF4642D88D4 /* [CP] Embed Pods Frameworks */ = {
			isa = PBXShellScriptBuildPhase;
			buildActionMask = 2147483647;
			files = (
			);
			inputPaths = (
			);
			name = "[CP] Embed Pods Frameworks";
			outputPaths = (
			);
			runOnlyForDeploymentPostprocessing = 0;
			shellPath = /bin/sh;
			shellScript = "\"${SRCROOT}/Pods/Target Support Files/Pods-Dark MagicUITests/Pods-Dark MagicUITests-frameworks.sh\"\n";
			showEnvVarsInLog = 0;
		};
/* End PBXShellScriptBuildPhase section */

/* Begin PBXSourcesBuildPhase section */
		A180371E204C45CC00A36712 /* Sources */ = {
			isa = PBXSourcesBuildPhase;
			buildActionMask = 2147483647;
			files = (
				A1803728204C45CC00A36712 /* ViewController.swift in Sources */,
				A1803726204C45CC00A36712 /* AppDelegate.swift in Sources */,
			);
			runOnlyForDeploymentPostprocessing = 0;
		};
		A1803732204C45CD00A36712 /* Sources */ = {
			isa = PBXSourcesBuildPhase;
			buildActionMask = 2147483647;
			files = (
				A180373B204C45CD00A36712 /* Dark_MagicTests.swift in Sources */,
			);
			runOnlyForDeploymentPostprocessing = 0;
		};
		A180373D204C45CD00A36712 /* Sources */ = {
			isa = PBXSourcesBuildPhase;
			buildActionMask = 2147483647;
			files = (
				A1803746204C45CD00A36712 /* Dark_MagicUITests.swift in Sources */,
			);
			runOnlyForDeploymentPostprocessing = 0;
		};
/* End PBXSourcesBuildPhase section */

/* Begin PBXTargetDependency section */
		A1803738204C45CD00A36712 /* PBXTargetDependency */ = {
			isa = PBXTargetDependency;
			target = A1803721204C45CC00A36712 /* Dark Magic */;
			targetProxy = A1803737204C45CD00A36712 /* PBXContainerItemProxy */;
		};
		A1803743204C45CD00A36712 /* PBXTargetDependency */ = {
			isa = PBXTargetDependency;
			target = A1803721204C45CC00A36712 /* Dark Magic */;
			targetProxy = A1803742204C45CD00A36712 /* PBXContainerItemProxy */;
		};
/* End PBXTargetDependency section */

/* Begin PBXVariantGroup section */
		A1803729204C45CC00A36712 /* Main.storyboard */ = {
			isa = PBXVariantGroup;
			children = (
				A180372A204C45CC00A36712 /* Base */,
			);
			name = Main.storyboard;
			sourceTree = "<group>";
		};
		A180372E204C45CC00A36712 /* LaunchScreen.storyboard */ = {
			isa = PBXVariantGroup;
			children = (
				A180372F204C45CC00A36712 /* Base */,
			);
			name = LaunchScreen.storyboard;
			sourceTree = "<group>";
		};
/* End PBXVariantGroup section */

/* Begin XCBuildConfiguration section */
		A1803748204C45CD00A36712 /* Debug */ = {
			isa = XCBuildConfiguration;
			buildSettings = {
				ALWAYS_SEARCH_USER_PATHS = NO;
				CLANG_ANALYZER_NONNULL = YES;
				CLANG_ANALYZER_NUMBER_OBJECT_CONVERSION = YES_AGGRESSIVE;
				CLANG_CXX_LANGUAGE_STANDARD = "gnu++14";
				CLANG_CXX_LIBRARY = "libc++";
				CLANG_ENABLE_MODULES = YES;
				CLANG_ENABLE_OBJC_ARC = YES;
				CLANG_WARN_BLOCK_CAPTURE_AUTORELEASING = YES;
				CLANG_WARN_BOOL_CONVERSION = YES;
				CLANG_WARN_COMMA = YES;
				CLANG_WARN_CONSTANT_CONVERSION = YES;
				CLANG_WARN_DIRECT_OBJC_ISA_USAGE = YES_ERROR;
				CLANG_WARN_DOCUMENTATION_COMMENTS = YES;
				CLANG_WARN_EMPTY_BODY = YES;
				CLANG_WARN_ENUM_CONVERSION = YES;
				CLANG_WARN_INFINITE_RECURSION = YES;
				CLANG_WARN_INT_CONVERSION = YES;
				CLANG_WARN_NON_LITERAL_NULL_CONVERSION = YES;
				CLANG_WARN_OBJC_LITERAL_CONVERSION = YES;
				CLANG_WARN_OBJC_ROOT_CLASS = YES_ERROR;
				CLANG_WARN_RANGE_LOOP_ANALYSIS = YES;
				CLANG_WARN_STRICT_PROTOTYPES = YES;
				CLANG_WARN_SUSPICIOUS_MOVE = YES;
				CLANG_WARN_UNGUARDED_AVAILABILITY = YES_AGGRESSIVE;
				CLANG_WARN_UNREACHABLE_CODE = YES;
				CLANG_WARN__DUPLICATE_METHOD_MATCH = YES;
				CODE_SIGN_IDENTITY = "iPhone Developer";
				COPY_PHASE_STRIP = NO;
				DEBUG_INFORMATION_FORMAT = dwarf;
				ENABLE_STRICT_OBJC_MSGSEND = YES;
				ENABLE_TESTABILITY = YES;
				GCC_C_LANGUAGE_STANDARD = gnu11;
				GCC_DYNAMIC_NO_PIC = NO;
				GCC_NO_COMMON_BLOCKS = YES;
				GCC_OPTIMIZATION_LEVEL = 0;
				GCC_PREPROCESSOR_DEFINITIONS = (
					"DEBUG=1",
					"$(inherited)",
				);
				GCC_WARN_64_TO_32_BIT_CONVERSION = YES;
				GCC_WARN_ABOUT_RETURN_TYPE = YES_ERROR;
				GCC_WARN_UNDECLARED_SELECTOR = YES;
				GCC_WARN_UNINITIALIZED_AUTOS = YES_AGGRESSIVE;
				GCC_WARN_UNUSED_FUNCTION = YES;
				GCC_WARN_UNUSED_VARIABLE = YES;
				IPHONEOS_DEPLOYMENT_TARGET = 11.2;
				MTL_ENABLE_DEBUG_INFO = YES;
				ONLY_ACTIVE_ARCH = YES;
				SDKROOT = iphoneos;
				SWIFT_ACTIVE_COMPILATION_CONDITIONS = DEBUG;
				SWIFT_OPTIMIZATION_LEVEL = "-Onone";
			};
			name = Debug;
		};
		A1803749204C45CD00A36712 /* Release */ = {
			isa = XCBuildConfiguration;
			buildSettings = {
				ALWAYS_SEARCH_USER_PATHS = NO;
				CLANG_ANALYZER_NONNULL = YES;
				CLANG_ANALYZER_NUMBER_OBJECT_CONVERSION = YES_AGGRESSIVE;
				CLANG_CXX_LANGUAGE_STANDARD = "gnu++14";
				CLANG_CXX_LIBRARY = "libc++";
				CLANG_ENABLE_MODULES = YES;
				CLANG_ENABLE_OBJC_ARC = YES;
				CLANG_WARN_BLOCK_CAPTURE_AUTORELEASING = YES;
				CLANG_WARN_BOOL_CONVERSION = YES;
				CLANG_WARN_COMMA = YES;
				CLANG_WARN_CONSTANT_CONVERSION = YES;
				CLANG_WARN_DIRECT_OBJC_ISA_USAGE = YES_ERROR;
				CLANG_WARN_DOCUMENTATION_COMMENTS = YES;
				CLANG_WARN_EMPTY_BODY = YES;
				CLANG_WARN_ENUM_CONVERSION = YES;
				CLANG_WARN_INFINITE_RECURSION = YES;
				CLANG_WARN_INT_CONVERSION = YES;
				CLANG_WARN_NON_LITERAL_NULL_CONVERSION = YES;
				CLANG_WARN_OBJC_LITERAL_CONVERSION = YES;
				CLANG_WARN_OBJC_ROOT_CLASS = YES_ERROR;
				CLANG_WARN_RANGE_LOOP_ANALYSIS = YES;
				CLANG_WARN_STRICT_PROTOTYPES = YES;
				CLANG_WARN_SUSPICIOUS_MOVE = YES;
				CLANG_WARN_UNGUARDED_AVAILABILITY = YES_AGGRESSIVE;
				CLANG_WARN_UNREACHABLE_CODE = YES;
				CLANG_WARN__DUPLICATE_METHOD_MATCH = YES;
				CODE_SIGN_IDENTITY = "iPhone Developer";
				COPY_PHASE_STRIP = NO;
				DEBUG_INFORMATION_FORMAT = "dwarf-with-dsym";
				ENABLE_NS_ASSERTIONS = NO;
				ENABLE_STRICT_OBJC_MSGSEND = YES;
				GCC_C_LANGUAGE_STANDARD = gnu11;
				GCC_NO_COMMON_BLOCKS = YES;
				GCC_WARN_64_TO_32_BIT_CONVERSION = YES;
				GCC_WARN_ABOUT_RETURN_TYPE = YES_ERROR;
				GCC_WARN_UNDECLARED_SELECTOR = YES;
				GCC_WARN_UNINITIALIZED_AUTOS = YES_AGGRESSIVE;
				GCC_WARN_UNUSED_FUNCTION = YES;
				GCC_WARN_UNUSED_VARIABLE = YES;
				IPHONEOS_DEPLOYMENT_TARGET = 11.2;
				MTL_ENABLE_DEBUG_INFO = NO;
				SDKROOT = iphoneos;
				SWIFT_OPTIMIZATION_LEVEL = "-Owholemodule";
				VALIDATE_PRODUCT = YES;
			};
			name = Release;
		};
		A180374B204C45CD00A36712 /* Debug */ = {
			isa = XCBuildConfiguration;
			baseConfigurationReference = 4FC74ED9051C6F0BFBDA44EC /* Pods-Dark Magic.debug.xcconfig */;
			buildSettings = {
				ASSETCATALOG_COMPILER_APPICON_NAME = AppIcon;
				CODE_SIGN_STYLE = Automatic;
				DEVELOPMENT_TEAM = 26TV24DK6Z;
				INFOPLIST_FILE = "Dark Magic/Info.plist";
				LD_RUNPATH_SEARCH_PATHS = "$(inherited) @executable_path/Frameworks";
				PRODUCT_BUNDLE_IDENTIFIER = "com.DopenessAcademy.Dark-Magic";
				PRODUCT_NAME = "$(TARGET_NAME)";
				SWIFT_VERSION = 4.0;
				TARGETED_DEVICE_FAMILY = "1,2";
			};
			name = Debug;
		};
		A180374C204C45CD00A36712 /* Release */ = {
			isa = XCBuildConfiguration;
			baseConfigurationReference = DBCC8F7A60ACCF59BAEA1945 /* Pods-Dark Magic.release.xcconfig */;
			buildSettings = {
				ASSETCATALOG_COMPILER_APPICON_NAME = AppIcon;
				CODE_SIGN_STYLE = Automatic;
				DEVELOPMENT_TEAM = 26TV24DK6Z;
				INFOPLIST_FILE = "Dark Magic/Info.plist";
				LD_RUNPATH_SEARCH_PATHS = "$(inherited) @executable_path/Frameworks";
				PRODUCT_BUNDLE_IDENTIFIER = "com.DopenessAcademy.Dark-Magic";
				PRODUCT_NAME = "$(TARGET_NAME)";
				SWIFT_VERSION = 4.0;
				TARGETED_DEVICE_FAMILY = "1,2";
			};
			name = Release;
		};
		A180374E204C45CD00A36712 /* Debug */ = {
			isa = XCBuildConfiguration;
			baseConfigurationReference = EE32306B21B3B1FBDC0D3E43 /* Pods-Dark MagicTests.debug.xcconfig */;
			buildSettings = {
				ALWAYS_EMBED_SWIFT_STANDARD_LIBRARIES = YES;
				BUNDLE_LOADER = "$(TEST_HOST)";
				CODE_SIGN_STYLE = Automatic;
				DEVELOPMENT_TEAM = 26TV24DK6Z;
				INFOPLIST_FILE = "Dark MagicTests/Info.plist";
				LD_RUNPATH_SEARCH_PATHS = "$(inherited) @executable_path/Frameworks @loader_path/Frameworks";
				PRODUCT_BUNDLE_IDENTIFIER = "com.DopenessAcademy.Dark-MagicTests";
				PRODUCT_NAME = "$(TARGET_NAME)";
				SWIFT_VERSION = 4.0;
				TARGETED_DEVICE_FAMILY = "1,2";
				TEST_HOST = "$(BUILT_PRODUCTS_DIR)/Dark Magic.app/Dark Magic";
			};
			name = Debug;
		};
		A180374F204C45CD00A36712 /* Release */ = {
			isa = XCBuildConfiguration;
			baseConfigurationReference = 08B0ECEF236C7AF5D1C3AFC7 /* Pods-Dark MagicTests.release.xcconfig */;
			buildSettings = {
				ALWAYS_EMBED_SWIFT_STANDARD_LIBRARIES = YES;
				BUNDLE_LOADER = "$(TEST_HOST)";
				CODE_SIGN_STYLE = Automatic;
				DEVELOPMENT_TEAM = 26TV24DK6Z;
				INFOPLIST_FILE = "Dark MagicTests/Info.plist";
				LD_RUNPATH_SEARCH_PATHS = "$(inherited) @executable_path/Frameworks @loader_path/Frameworks";
				PRODUCT_BUNDLE_IDENTIFIER = "com.DopenessAcademy.Dark-MagicTests";
				PRODUCT_NAME = "$(TARGET_NAME)";
				SWIFT_VERSION = 4.0;
				TARGETED_DEVICE_FAMILY = "1,2";
				TEST_HOST = "$(BUILT_PRODUCTS_DIR)/Dark Magic.app/Dark Magic";
			};
			name = Release;
		};
		A1803751204C45CD00A36712 /* Debug */ = {
			isa = XCBuildConfiguration;
			baseConfigurationReference = 04B2E2B4574998ECA8F49898 /* Pods-Dark MagicUITests.debug.xcconfig */;
			buildSettings = {
				ALWAYS_EMBED_SWIFT_STANDARD_LIBRARIES = YES;
				CODE_SIGN_STYLE = Automatic;
				DEVELOPMENT_TEAM = 26TV24DK6Z;
				INFOPLIST_FILE = "Dark MagicUITests/Info.plist";
				LD_RUNPATH_SEARCH_PATHS = "$(inherited) @executable_path/Frameworks @loader_path/Frameworks";
				PRODUCT_BUNDLE_IDENTIFIER = "com.DopenessAcademy.Dark-MagicUITests";
				PRODUCT_NAME = "$(TARGET_NAME)";
				SWIFT_VERSION = 4.0;
				TARGETED_DEVICE_FAMILY = "1,2";
				TEST_TARGET_NAME = "Dark Magic";
			};
			name = Debug;
		};
		A1803752204C45CD00A36712 /* Release */ = {
			isa = XCBuildConfiguration;
			baseConfigurationReference = 26287EF968E0EDC40E986C56 /* Pods-Dark MagicUITests.release.xcconfig */;
			buildSettings = {
				ALWAYS_EMBED_SWIFT_STANDARD_LIBRARIES = YES;
				CODE_SIGN_STYLE = Automatic;
				DEVELOPMENT_TEAM = 26TV24DK6Z;
				INFOPLIST_FILE = "Dark MagicUITests/Info.plist";
				LD_RUNPATH_SEARCH_PATHS = "$(inherited) @executable_path/Frameworks @loader_path/Frameworks";
				PRODUCT_BUNDLE_IDENTIFIER = "com.DopenessAcademy.Dark-MagicUITests";
				PRODUCT_NAME = "$(TARGET_NAME)";
				SWIFT_VERSION = 4.0;
				TARGETED_DEVICE_FAMILY = "1,2";
				TEST_TARGET_NAME = "Dark Magic";
			};
			name = Release;
		};
/* End XCBuildConfiguration section */

/* Begin XCConfigurationList section */
		A180371D204C45CC00A36712 /* Build configuration list for PBXProject "Dark Magic" */ = {
			isa = XCConfigurationList;
			buildConfigurations = (
				A1803748204C45CD00A36712 /* Debug */,
				A1803749204C45CD00A36712 /* Release */,
			);
			defaultConfigurationIsVisible = 0;
			defaultConfigurationName = Release;
		};
		A180374A204C45CD00A36712 /* Build configuration list for PBXNativeTarget "Dark Magic" */ = {
			isa = XCConfigurationList;
			buildConfigurations = (
				A180374B204C45CD00A36712 /* Debug */,
				A180374C204C45CD00A36712 /* Release */,
			);
			defaultConfigurationIsVisible = 0;
			defaultConfigurationName = Release;
		};
		A180374D204C45CD00A36712 /* Build configuration list for PBXNativeTarget "Dark MagicTests" */ = {
			isa = XCConfigurationList;
			buildConfigurations = (
				A180374E204C45CD00A36712 /* Debug */,
				A180374F204C45CD00A36712 /* Release */,
			);
			defaultConfigurationIsVisible = 0;
			defaultConfigurationName = Release;
		};
		A1803750204C45CD00A36712 /* Build configuration list for PBXNativeTarget "Dark MagicUITests" */ = {
			isa = XCConfigurationList;
			buildConfigurations = (
				A1803751204C45CD00A36712 /* Debug */,
				A1803752204C45CD00A36712 /* Release */,
			);
			defaultConfigurationIsVisible = 0;
			defaultConfigurationName = Release;
		};
/* End XCConfigurationList section */
	};
	rootObject = A180371A204C45CC00A36712 /* Project object */;
}
